{
  "name": "cleanup",
  "lockfileVersion": 2,
  "requires": true,
  "packages": {
    "": {
      "dependencies": {
        "@vuedoc/parser": "^3.3.0",
        "lodash": "^4.17.21",
        "scss-parser": "^1.0.5"
      }
    },
    "node_modules/@babel/parser": {
      "version": "7.14.1",
      "resolved": "https://registry.npmjs.org/@babel/parser/-/parser-7.14.1.tgz",
      "integrity": "sha512-muUGEKu8E/ftMTPlNp+mc6zL3E9zKWmF5sDHZ5MSsoTP9Wyz64AhEf9kD08xYJ7w6Hdcu8H550ircnPyWSIF0Q==",
      "bin": {
        "parser": "bin/babel-parser.js"
      },
      "engines": {
        "node": ">=6.0.0"
      }
    },
    "node_modules/@vuedoc/parser": {
      "version": "3.3.0",
      "resolved": "https://registry.npmjs.org/@vuedoc/parser/-/parser-3.3.0.tgz",
      "integrity": "sha512-T2czFsAAMIfe+9YFAtZZ0LQfW3Flw+vjp8Kl9dUxWaSeQQG2Vbxv7x9iEHxLDXizJwvm1c/0O677G3dxZxkThw==",
      "dependencies": {
        "@babel/parser": "^7.12.11",
        "vue-template-compiler": "^2.6.12"
      },
      "engines": {
        "node": ">=8"
      }
    },
    "node_modules/de-indent": {
      "version": "1.0.2",
      "resolved": "https://registry.npmjs.org/de-indent/-/de-indent-1.0.2.tgz",
      "integrity": "sha1-sgOOhG3DO6pXlhKNCAS0VbjB4h0="
    },
    "node_modules/he": {
      "version": "1.2.0",
      "resolved": "https://registry.npmjs.org/he/-/he-1.2.0.tgz",
      "integrity": "sha512-F/1DnUGPopORZi0ni+CvrCgHQ5FyEAHRLSApuYWMmrbSwoN2Mn/7k+Gl38gJnR7yyDZk6WLXwiGod1JOWNDKGw==",
      "bin": {
        "he": "bin/he"
      }
    },
    "node_modules/invariant": {
      "version": "2.2.4",
      "resolved": "https://registry.npmjs.org/invariant/-/invariant-2.2.4.tgz",
      "integrity": "sha512-phJfQVBuaJM5raOpJjSfkiD6BpbCE4Ns//LaXl6wGYtUBY83nWS6Rf9tXm2e8VaK60JEjYldbPif/A2B1C2gNA==",
      "dependencies": {
        "loose-envify": "^1.0.0"
      }
    },
    "node_modules/js-tokens": {
      "version": "4.0.0",
      "resolved": "https://registry.npmjs.org/js-tokens/-/js-tokens-4.0.0.tgz",
      "integrity": "sha512-RdJUflcE3cUzKiMqQgsCu06FPu9UdIJO0beYbPhHN4k6apgJtifcoCtT9bcxOpYBtpD2kCM6Sbzg4CausW/PKQ=="
    },
    "node_modules/lodash": {
      "version": "4.17.21",
      "resolved": "https://registry.npmjs.org/lodash/-/lodash-4.17.21.tgz",
      "integrity": "sha512-v2kDEe57lecTulaDIuNTPy3Ry4gLGJ6Z1O3vE1krgXZNrsQ+LFTGHVxVjcXPs17LhbZVGedAJv8XZ1tvj5FvSg=="
    },
    "node_modules/loose-envify": {
      "version": "1.4.0",
      "resolved": "https://registry.npmjs.org/loose-envify/-/loose-envify-1.4.0.tgz",
      "integrity": "sha512-lyuxPGr/Wfhrlem2CL/UcnUc1zcqKAImBDzukY7Y5F/yQiNdko6+fRLevlw1HgMySw7f611UIY408EtxRSoK3Q==",
      "dependencies": {
        "js-tokens": "^3.0.0 || ^4.0.0"
      },
      "bin": {
        "loose-envify": "cli.js"
      }
    },
    "node_modules/scss-parser": {
      "version": "1.0.5",
      "resolved": "https://registry.npmjs.org/scss-parser/-/scss-parser-1.0.5.tgz",
      "integrity": "sha512-RZOtvCmCnwkDo7kdcYBi807Y5EoTIxJ34AgEgJNDmOH1jl0/xG0FyYZFbH6Ga3Iwu7q8LSdxJ4C5UkzNXjQxKQ==",
      "dependencies": {
        "invariant": "2.2.4"
      },
      "engines": {
        "node": ">=6.0.0"
      }
    },
    "node_modules/vue-template-compiler": {
      "version": "2.6.12",
      "resolved": "https://registry.npmjs.org/vue-template-compiler/-/vue-template-compiler-2.6.12.tgz",
      "integrity": "sha512-OzzZ52zS41YUbkCBfdXShQTe69j1gQDZ9HIX8miuC9C3rBCk9wIRjLiZZLrmX9V+Ftq/YEyv1JaVr5Y/hNtByg==",
      "dependencies": {
        "de-indent": "^1.0.2",
        "he": "^1.1.0"
      }
    }
  },
  "dependencies": {
    "@babel/parser": {
      "version": "7.14.1",
      "resolved": "https://registry.npmjs.org/@babel/parser/-/parser-7.14.1.tgz",
      "integrity": "sha512-muUGEKu8E/ftMTPlNp+mc6zL3E9zKWmF5sDHZ5MSsoTP9Wyz64AhEf9kD08xYJ7w6Hdcu8H550ircnPyWSIF0Q=="
    },
    "@vuedoc/parser": {
      "version": "3.3.0",
      "resolved": "https://registry.npmjs.org/@vuedoc/parser/-/parser-3.3.0.tgz",
      "integrity": "sha512-T2czFsAAMIfe+9YFAtZZ0LQfW3Flw+vjp8Kl9dUxWaSeQQG2Vbxv7x9iEHxLDXizJwvm1c/0O677G3dxZxkThw==",
      "requires": {
        "@babel/parser": "^7.12.11",
        "vue-template-compiler": "^2.6.12"
      }
    },
    "de-indent": {
      "version": "1.0.2",
      "resolved": "https://registry.npmjs.org/de-indent/-/de-indent-1.0.2.tgz",
      "integrity": "sha1-sgOOhG3DO6pXlhKNCAS0VbjB4h0="
    },
    "he": {
      "version": "1.2.0",
      "resolved": "https://registry.npmjs.org/he/-/he-1.2.0.tgz",
      "integrity": "sha512-F/1DnUGPopORZi0ni+CvrCgHQ5FyEAHRLSApuYWMmrbSwoN2Mn/7k+Gl38gJnR7yyDZk6WLXwiGod1JOWNDKGw=="
    },
    "invariant": {
      "version": "2.2.4",
      "resolved": "https://registry.npmjs.org/invariant/-/invariant-2.2.4.tgz",
      "integrity": "sha512-phJfQVBuaJM5raOpJjSfkiD6BpbCE4Ns//LaXl6wGYtUBY83nWS6Rf9tXm2e8VaK60JEjYldbPif/A2B1C2gNA==",
      "requires": {
        "loose-envify": "^1.0.0"
      }
    },
    "js-tokens": {
      "version": "4.0.0",
      "resolved": "https://registry.npmjs.org/js-tokens/-/js-tokens-4.0.0.tgz",
      "integrity": "sha512-RdJUflcE3cUzKiMqQgsCu06FPu9UdIJO0beYbPhHN4k6apgJtifcoCtT9bcxOpYBtpD2kCM6Sbzg4CausW/PKQ=="
    },
    "lodash": {
      "version": "4.17.21",
      "resolved": "https://registry.npmjs.org/lodash/-/lodash-4.17.21.tgz",
      "integrity": "sha512-v2kDEe57lecTulaDIuNTPy3Ry4gLGJ6Z1O3vE1krgXZNrsQ+LFTGHVxVjcXPs17LhbZVGedAJv8XZ1tvj5FvSg=="
    },
    "loose-envify": {
      "version": "1.4.0",
      "resolved": "https://registry.npmjs.org/loose-envify/-/loose-envify-1.4.0.tgz",
      "integrity": "sha512-lyuxPGr/Wfhrlem2CL/UcnUc1zcqKAImBDzukY7Y5F/yQiNdko6+fRLevlw1HgMySw7f611UIY408EtxRSoK3Q==",
      "requires": {
        "js-tokens": "^3.0.0 || ^4.0.0"
      }
    },
    "scss-parser": {
      "version": "1.0.5",
      "resolved": "https://registry.npmjs.org/scss-parser/-/scss-parser-1.0.5.tgz",
      "integrity": "sha512-RZOtvCmCnwkDo7kdcYBi807Y5EoTIxJ34AgEgJNDmOH1jl0/xG0FyYZFbH6Ga3Iwu7q8LSdxJ4C5UkzNXjQxKQ==",
      "requires": {
        "invariant": "2.2.4"
      }
    },
    "vue-template-compiler": {
      "version": "2.6.12",
      "resolved": "https://registry.npmjs.org/vue-template-compiler/-/vue-template-compiler-2.6.12.tgz",
      "integrity": "sha512-OzzZ52zS41YUbkCBfdXShQTe69j1gQDZ9HIX8miuC9C3rBCk9wIRjLiZZLrmX9V+Ftq/YEyv1JaVr5Y/hNtByg==",
      "requires": {
        "de-indent": "^1.0.2",
        "he": "^1.1.0"
      }
    }
  }
}
